
Microsoft Visual Studio Solution File, Format Version 12.00
# Visual Studio Version 17
VisualStudioVersion = 17.5.33424.131
MinimumVisualStudioVersion = 10.0.40219.1
Project("{2150E333-8FDC-42A3-9474-1A3956D46DE8}") = "IdentityService", "IdentityService", "{14E4F07E-1BA7-4083-8FAE-51B8D8CD402C}"
EndProject
Project("{9A19103F-16F7-4668-BE54-9A1E7A4F7556}") = "IdentityService.Domain", "IdentityService\IdentityService.Domain\IdentityService.Domain.csproj", "{9A03933D-6A21-4E2A-BA7C-2C0D1C11A2AF}"
EndProject
Project("{9A19103F-16F7-4668-BE54-9A1E7A4F7556}") = "IdentityService.Infrastructure", "IdentityService\IdentityService.Infrastructure\IdentityService.Infrastructure.csproj", "{BCF7CE83-E652-4962-972B-30E19816C087}"
EndProject
Project("{9A19103F-16F7-4668-BE54-9A1E7A4F7556}") = "IdentityService.WebAPI", "IdentityService\IdentityService.WebAPI\IdentityService.WebAPI.csproj", "{4CD4031C-2909-4700-A05B-14868EC3243B}"
EndProject
Project("{9A19103F-16F7-4668-BE54-9A1E7A4F7556}") = "CommonInfrastructure", "CommonInfrastructure\CommonInfrastructure.csproj", "{CFD9E10D-B8E5-40EC-B98E-6212D40BA1AF}"
EndProject
Project("{2150E333-8FDC-42A3-9474-1A3956D46DE8}") = "SubmitService", "SubmitService", "{8678D50B-1D78-47D1-AA07-CD3AC91209F5}"
EndProject
Project("{9A19103F-16F7-4668-BE54-9A1E7A4F7556}") = "SubmitService.Domain", "SubmitService\SubmitService.Domain\SubmitService.Domain.csproj", "{65D1545F-A2E5-4559-B4E3-EFD1BB146E8F}"
EndProject
Project("{9A19103F-16F7-4668-BE54-9A1E7A4F7556}") = "SubmitService.Infrastructure", "SubmitService\SubmitService.Infrastructure\SubmitService.Infrastructure.csproj", "{188EE80E-E9DB-4CBB-8BB3-5D151EA686ED}"
EndProject
Project("{9A19103F-16F7-4668-BE54-9A1E7A4F7556}") = "SubmitService.Submit.WebAPI", "SubmitService\SubmitService.Submit.WebAPI\SubmitService.Submit.WebAPI.csproj", "{51384F08-96A1-40AD-8E51-C3F01B887928}"
EndProject
Project("{9A19103F-16F7-4668-BE54-9A1E7A4F7556}") = "SubmitService.Process.WebAPI", "SubmitService\SubmitService.Process.WebAPI\SubmitService.Process.WebAPI.csproj", "{BA6D1BFC-FBD2-4884-8D5E-2B2664C26CEF}"
EndProject
Project("{2150E333-8FDC-42A3-9474-1A3956D46DE8}") = "FAQService", "FAQService", "{B72DC726-8C78-435B-9B0E-3D52843A3837}"
EndProject
Project("{FAE04EC0-301F-11D3-BF4B-00C04F79EFBC}") = "FAQService.Domain", "FAQService\FAQService.Domain\FAQService.Domain.csproj", "{FC41945F-2D82-4DB0-BF76-C8A7F19425BE}"
EndProject
Project("{FAE04EC0-301F-11D3-BF4B-00C04F79EFBC}") = "FAQService.Infrastructure", "FAQService\FAQService.Infrastructure\FAQService.Infrastructure.csproj", "{CCFD8041-DF0F-49E5-A5A1-24B117E64103}"
EndProject
Project("{FAE04EC0-301F-11D3-BF4B-00C04F79EFBC}") = "FAQService.WebAPI", "FAQService\FAQService.WebAPI\FAQService.WebAPI.csproj", "{58B43401-8520-4F1F-9529-CC37ED1A02B0}"
EndProject
Global
	GlobalSection(SolutionConfigurationPlatforms) = preSolution
		Debug|Any CPU = Debug|Any CPU
		Release|Any CPU = Release|Any CPU
	EndGlobalSection
	GlobalSection(ProjectConfigurationPlatforms) = postSolution
		{9A03933D-6A21-4E2A-BA7C-2C0D1C11A2AF}.Debug|Any CPU.ActiveCfg = Debug|Any CPU
		{9A03933D-6A21-4E2A-BA7C-2C0D1C11A2AF}.Debug|Any CPU.Build.0 = Debug|Any CPU
		{9A03933D-6A21-4E2A-BA7C-2C0D1C11A2AF}.Release|Any CPU.ActiveCfg = Release|Any CPU
		{9A03933D-6A21-4E2A-BA7C-2C0D1C11A2AF}.Release|Any CPU.Build.0 = Release|Any CPU
		{BCF7CE83-E652-4962-972B-30E19816C087}.Debug|Any CPU.ActiveCfg = Debug|Any CPU
		{BCF7CE83-E652-4962-972B-30E19816C087}.Debug|Any CPU.Build.0 = Debug|Any CPU
		{BCF7CE83-E652-4962-972B-30E19816C087}.Release|Any CPU.ActiveCfg = Release|Any CPU
		{BCF7CE83-E652-4962-972B-30E19816C087}.Release|Any CPU.Build.0 = Release|Any CPU
		{4CD4031C-2909-4700-A05B-14868EC3243B}.Debug|Any CPU.ActiveCfg = Debug|Any CPU
		{4CD4031C-2909-4700-A05B-14868EC3243B}.Debug|Any CPU.Build.0 = Debug|Any CPU
		{4CD4031C-2909-4700-A05B-14868EC3243B}.Release|Any CPU.ActiveCfg = Release|Any CPU
		{4CD4031C-2909-4700-A05B-14868EC3243B}.Release|Any CPU.Build.0 = Release|Any CPU
		{CFD9E10D-B8E5-40EC-B98E-6212D40BA1AF}.Debug|Any CPU.ActiveCfg = Debug|Any CPU
		{CFD9E10D-B8E5-40EC-B98E-6212D40BA1AF}.Debug|Any CPU.Build.0 = Debug|Any CPU
		{CFD9E10D-B8E5-40EC-B98E-6212D40BA1AF}.Release|Any CPU.ActiveCfg = Release|Any CPU
		{CFD9E10D-B8E5-40EC-B98E-6212D40BA1AF}.Release|Any CPU.Build.0 = Release|Any CPU
		{65D1545F-A2E5-4559-B4E3-EFD1BB146E8F}.Debug|Any CPU.ActiveCfg = Debug|Any CPU
		{65D1545F-A2E5-4559-B4E3-EFD1BB146E8F}.Debug|Any CPU.Build.0 = Debug|Any CPU
		{65D1545F-A2E5-4559-B4E3-EFD1BB146E8F}.Release|Any CPU.ActiveCfg = Release|Any CPU
		{65D1545F-A2E5-4559-B4E3-EFD1BB146E8F}.Release|Any CPU.Build.0 = Release|Any CPU
		{188EE80E-E9DB-4CBB-8BB3-5D151EA686ED}.Debug|Any CPU.ActiveCfg = Debug|Any CPU
		{188EE80E-E9DB-4CBB-8BB3-5D151EA686ED}.Debug|Any CPU.Build.0 = Debug|Any CPU
		{188EE80E-E9DB-4CBB-8BB3-5D151EA686ED}.Release|Any CPU.ActiveCfg = Release|Any CPU
		{188EE80E-E9DB-4CBB-8BB3-5D151EA686ED}.Release|Any CPU.Build.0 = Release|Any CPU
		{51384F08-96A1-40AD-8E51-C3F01B887928}.Debug|Any CPU.ActiveCfg = Debug|Any CPU
		{51384F08-96A1-40AD-8E51-C3F01B887928}.Debug|Any CPU.Build.0 = Debug|Any CPU
		{51384F08-96A1-40AD-8E51-C3F01B887928}.Release|Any CPU.ActiveCfg = Release|Any CPU
		{51384F08-96A1-40AD-8E51-C3F01B887928}.Release|Any CPU.Build.0 = Release|Any CPU
		{BA6D1BFC-FBD2-4884-8D5E-2B2664C26CEF}.Debug|Any CPU.ActiveCfg = Debug|Any CPU
		{BA6D1BFC-FBD2-4884-8D5E-2B2664C26CEF}.Debug|Any CPU.Build.0 = Debug|Any CPU
		{BA6D1BFC-FBD2-4884-8D5E-2B2664C26CEF}.Release|Any CPU.ActiveCfg = Release|Any CPU
		{BA6D1BFC-FBD2-4884-8D5E-2B2664C26CEF}.Release|Any CPU.Build.0 = Release|Any CPU
		{FC41945F-2D82-4DB0-BF76-C8A7F19425BE}.Debug|Any CPU.ActiveCfg = Debug|Any CPU
		{FC41945F-2D82-4DB0-BF76-C8A7F19425BE}.Debug|Any CPU.Build.0 = Debug|Any CPU
		{FC41945F-2D82-4DB0-BF76-C8A7F19425BE}.Release|Any CPU.ActiveCfg = Release|Any CPU
		{FC41945F-2D82-4DB0-BF76-C8A7F19425BE}.Release|Any CPU.Build.0 = Release|Any CPU
		{CCFD8041-DF0F-49E5-A5A1-24B117E64103}.Debug|Any CPU.ActiveCfg = Debug|Any CPU
		{CCFD8041-DF0F-49E5-A5A1-24B117E64103}.Debug|Any CPU.Build.0 = Debug|Any CPU
		{CCFD8041-DF0F-49E5-A5A1-24B117E64103}.Release|Any CPU.ActiveCfg = Release|Any CPU
		{CCFD8041-DF0F-49E5-A5A1-24B117E64103}.Release|Any CPU.Build.0 = Release|Any CPU
		{58B43401-8520-4F1F-9529-CC37ED1A02B0}.Debug|Any CPU.ActiveCfg = Debug|Any CPU
		{58B43401-8520-4F1F-9529-CC37ED1A02B0}.Debug|Any CPU.Build.0 = Debug|Any CPU
		{58B43401-8520-4F1F-9529-CC37ED1A02B0}.Release|Any CPU.ActiveCfg = Release|Any CPU
		{58B43401-8520-4F1F-9529-CC37ED1A02B0}.Release|Any CPU.Build.0 = Release|Any CPU
	EndGlobalSection
	GlobalSection(SolutionProperties) = preSolution
		HideSolutionNode = FALSE
	EndGlobalSection
	GlobalSection(NestedProjects) = preSolution
		{9A03933D-6A21-4E2A-BA7C-2C0D1C11A2AF} = {14E4F07E-1BA7-4083-8FAE-51B8D8CD402C}
		{BCF7CE83-E652-4962-972B-30E19816C087} = {14E4F07E-1BA7-4083-8FAE-51B8D8CD402C}
		{4CD4031C-2909-4700-A05B-14868EC3243B} = {14E4F07E-1BA7-4083-8FAE-51B8D8CD402C}
		{65D1545F-A2E5-4559-B4E3-EFD1BB146E8F} = {8678D50B-1D78-47D1-AA07-CD3AC91209F5}
		{188EE80E-E9DB-4CBB-8BB3-5D151EA686ED} = {8678D50B-1D78-47D1-AA07-CD3AC91209F5}
		{51384F08-96A1-40AD-8E51-C3F01B887928} = {8678D50B-1D78-47D1-AA07-CD3AC91209F5}
		{BA6D1BFC-FBD2-4884-8D5E-2B2664C26CEF} = {8678D50B-1D78-47D1-AA07-CD3AC91209F5}
		{FC41945F-2D82-4DB0-BF76-C8A7F19425BE} = {B72DC726-8C78-435B-9B0E-3D52843A3837}
		{CCFD8041-DF0F-49E5-A5A1-24B117E64103} = {B72DC726-8C78-435B-9B0E-3D52843A3837}
		{58B43401-8520-4F1F-9529-CC37ED1A02B0} = {B72DC726-8C78-435B-9B0E-3D52843A3837}
	EndGlobalSection
	GlobalSection(ExtensibilityGlobals) = postSolution
		SolutionGuid = {D1172683-79E6-458A-847F-7389D85C4D81}
	EndGlobalSection
EndGlobal
